// !$*UTF8*$!
{
	archiveVersion = 1;
	classes = {
	};
	objectVersion = 46;
	objects = {

/* Begin PBXBuildFile section */
		4C3A2AB0136B29070068A294 /* EZButon.m in Sources */ = {isa = PBXBuildFile; fileRef = 4C3A2AAF136B29070068A294 /* EZButon.m */; };
		4C3A2AB3136B328C0068A294 /* EZProgressView.m in Sources */ = {isa = PBXBuildFile; fileRef = 4C3A2AB2136B328C0068A294 /* EZProgressView.m */; };
		4C3A2AB6136B32EE0068A294 /* drawing.m in Sources */ = {isa = PBXBuildFile; fileRef = 4C3A2AB5136B32EE0068A294 /* drawing.m */; };
		4C3DCBE1134EA3EA00814307 /* UIKit.framework in Frameworks */ = {isa = PBXBuildFile; fileRef = 4C3DCBE0134EA3EA00814307 /* UIKit.framework */; };
		4C3DCBE3134EA3EA00814307 /* Foundation.framework in Frameworks */ = {isa = PBXBuildFile; fileRef = 4C3DCBE2134EA3EA00814307 /* Foundation.framework */; };
		4C3DCBE5134EA3EA00814307 /* CoreGraphics.framework in Frameworks */ = {isa = PBXBuildFile; fileRef = 4C3DCBE4134EA3EA00814307 /* CoreGraphics.framework */; };
		4C3DCBEB134EA3EA00814307 /* InfoPlist.strings in Resources */ = {isa = PBXBuildFile; fileRef = 4C3DCBE9134EA3EA00814307 /* InfoPlist.strings */; };
		4C3DCBEE134EA3EA00814307 /* main.m in Sources */ = {isa = PBXBuildFile; fileRef = 4C3DCBED134EA3EA00814307 /* main.m */; };
		4C3DCBF1134EA3EA00814307 /* Objective_EaseAppDelegate.m in Sources */ = {isa = PBXBuildFile; fileRef = 4C3DCBF0134EA3EA00814307 /* Objective_EaseAppDelegate.m */; };
		4C3DCBF4134EA3EA00814307 /* MainWindow.xib in Resources */ = {isa = PBXBuildFile; fileRef = 4C3DCBF2134EA3EA00814307 /* MainWindow.xib */; };
		4C3DCBF7134EA3EA00814307 /* Objective_EaseViewController.m in Sources */ = {isa = PBXBuildFile; fileRef = 4C3DCBF6134EA3EA00814307 /* Objective_EaseViewController.m */; };
		4C3DCBFA134EA3EA00814307 /* Objective_EaseViewController.xib in Resources */ = {isa = PBXBuildFile; fileRef = 4C3DCBF8134EA3EA00814307 /* Objective_EaseViewController.xib */; };
		4C3DCC04134EA44900814307 /* ImagerScalerHelper.m in Sources */ = {isa = PBXBuildFile; fileRef = 4C3DCC03134EA44900814307 /* ImagerScalerHelper.m */; };
		4C3DCC10134EA9AC00814307 /* QuartzCore.framework in Frameworks */ = {isa = PBXBuildFile; fileRef = 4C3DCC0F134EA9AC00814307 /* QuartzCore.framework */; };
		4C3DCC12134EA9B400814307 /* OpenGLES.framework in Frameworks */ = {isa = PBXBuildFile; fileRef = 4C3DCC11134EA9B400814307 /* OpenGLES.framework */; };
/* End PBXBuildFile section */

/* Begin PBXFileReference section */
		4C3A2AAE136B29070068A294 /* EZButon.h */ = {isa = PBXFileReference; fileEncoding = 4; lastKnownFileType = sourcecode.c.h; path = EZButon.h; sourceTree = "<group>"; };
		4C3A2AAF136B29070068A294 /* EZButon.m */ = {isa = PBXFileReference; fileEncoding = 4; lastKnownFileType = sourcecode.c.objc; path = EZButon.m; sourceTree = "<group>"; };
		4C3A2AB1136B328C0068A294 /* EZProgressView.h */ = {isa = PBXFileReference; fileEncoding = 4; lastKnownFileType = sourcecode.c.h; path = EZProgressView.h; sourceTree = "<group>"; };
		4C3A2AB2136B328C0068A294 /* EZProgressView.m */ = {isa = PBXFileReference; fileEncoding = 4; lastKnownFileType = sourcecode.c.objc; path = EZProgressView.m; sourceTree = "<group>"; };
		4C3A2AB5136B32EE0068A294 /* drawing.m */ = {isa = PBXFileReference; fileEncoding = 4; lastKnownFileType = sourcecode.c.objc; path = drawing.m; sourceTree = "<group>"; };
		4C3DCBDC134EA3EA00814307 /* Objective_Ease.app */ = {isa = PBXFileReference; explicitFileType = wrapper.application; includeInIndex = 0; path = Objective_Ease.app; sourceTree = BUILT_PRODUCTS_DIR; };
		4C3DCBE0134EA3EA00814307 /* UIKit.framework */ = {isa = PBXFileReference; lastKnownFileType = wrapper.framework; name = UIKit.framework; path = System/Library/Frameworks/UIKit.framework; sourceTree = SDKROOT; };
		4C3DCBE2134EA3EA00814307 /* Foundation.framework */ = {isa = PBXFileReference; lastKnownFileType = wrapper.framework; name = Foundation.framework; path = System/Library/Frameworks/Foundation.framework; sourceTree = SDKROOT; };
		4C3DCBE4134EA3EA00814307 /* CoreGraphics.framework */ = {isa = PBXFileReference; lastKnownFileType = wrapper.framework; name = CoreGraphics.framework; path = System/Library/Frameworks/CoreGraphics.framework; sourceTree = SDKROOT; };
		4C3DCBE8134EA3EA00814307 /* Objective_Ease-Info.plist */ = {isa = PBXFileReference; lastKnownFileType = text.plist.xml; path = "Objective_Ease-Info.plist"; sourceTree = "<group>"; };
		4C3DCBEA134EA3EA00814307 /* en */ = {isa = PBXFileReference; lastKnownFileType = text.plist.strings; name = en; path = en.lproj/InfoPlist.strings; sourceTree = "<group>"; };
		4C3DCBEC134EA3EA00814307 /* Objective_Ease-Prefix.pch */ = {isa = PBXFileReference; lastKnownFileType = sourcecode.c.h; path = "Objective_Ease-Prefix.pch"; sourceTree = "<group>"; };
		4C3DCBED134EA3EA00814307 /* main.m */ = {isa = PBXFileReference; lastKnownFileType = sourcecode.c.objc; path = main.m; sourceTree = "<group>"; };
		4C3DCBEF134EA3EA00814307 /* Objective_EaseAppDelegate.h */ = {isa = PBXFileReference; lastKnownFileType = sourcecode.c.h; path = Objective_EaseAppDelegate.h; sourceTree = "<group>"; };
		4C3DCBF0134EA3EA00814307 /* Objective_EaseAppDelegate.m */ = {isa = PBXFileReference; lastKnownFileType = sourcecode.c.objc; path = Objective_EaseAppDelegate.m; sourceTree = "<group>"; };
		4C3DCBF3134EA3EA00814307 /* en */ = {isa = PBXFileReference; lastKnownFileType = file.xib; name = en; path = en.lproj/MainWindow.xib; sourceTree = "<group>"; };
		4C3DCBF5134EA3EA00814307 /* Objective_EaseViewController.h */ = {isa = PBXFileReference; lastKnownFileType = sourcecode.c.h; path = Objective_EaseViewController.h; sourceTree = "<group>"; };
		4C3DCBF6134EA3EA00814307 /* Objective_EaseViewController.m */ = {isa = PBXFileReference; lastKnownFileType = sourcecode.c.objc; path = Objective_EaseViewController.m; sourceTree = "<group>"; };
		4C3DCBF9134EA3EA00814307 /* en */ = {isa = PBXFileReference; lastKnownFileType = file.xib; name = en; path = en.lproj/Objective_EaseViewController.xib; sourceTree = "<group>"; };
		4C3DCC02134EA44900814307 /* ImagerScalerHelper.h */ = {isa = PBXFileReference; fileEncoding = 4; lastKnownFileType = sourcecode.c.h; path = ImagerScalerHelper.h; sourceTree = "<group>"; };
		4C3DCC03134EA44900814307 /* ImagerScalerHelper.m */ = {isa = PBXFileReference; fileEncoding = 4; lastKnownFileType = sourcecode.c.objc; path = ImagerScalerHelper.m; sourceTree = "<group>"; };
		4C3DCC0F134EA9AC00814307 /* QuartzCore.framework */ = {isa = PBXFileReference; lastKnownFileType = wrapper.framework; name = QuartzCore.framework; path = System/Library/Frameworks/QuartzCore.framework; sourceTree = SDKROOT; };
		4C3DCC11134EA9B400814307 /* OpenGLES.framework */ = {isa = PBXFileReference; lastKnownFileType = wrapper.framework; name = OpenGLES.framework; path = System/Library/Frameworks/OpenGLES.framework; sourceTree = SDKROOT; };
/* End PBXFileReference section */

/* Begin PBXFrameworksBuildPhase section */
		4C3DCBD9134EA3EA00814307 /* Frameworks */ = {
			isa = PBXFrameworksBuildPhase;
			buildActionMask = 2147483647;
			files = (
				4C3DCC12134EA9B400814307 /* OpenGLES.framework in Frameworks */,
				4C3DCC10134EA9AC00814307 /* QuartzCore.framework in Frameworks */,
				4C3DCBE1134EA3EA00814307 /* UIKit.framework in Frameworks */,
				4C3DCBE3134EA3EA00814307 /* Foundation.framework in Frameworks */,
				4C3DCBE5134EA3EA00814307 /* CoreGraphics.framework in Frameworks */,
			);
			runOnlyForDeploymentPostprocessing = 0;
		};
/* End PBXFrameworksBuildPhase section */

/* Begin PBXGroup section */
		4C3A2AAD136B28E90068A294 /* UIElements */ = {
			isa = PBXGroup;
			children = (
				4C3A2AB1136B328C0068A294 /* EZProgressView.h */,
				4C3A2AB2136B328C0068A294 /* EZProgressView.m */,
				4C3A2AAE136B29070068A294 /* EZButon.h */,
				4C3A2AAF136B29070068A294 /* EZButon.m */,
			);
			path = UIElements;
			sourceTree = "<group>";
		};
		4C3A2AB4136B32EE0068A294 /* External_Requirments */ = {
			isa = PBXGroup;
			children = (
				4C3A2AB5136B32EE0068A294 /* drawing.m */,
			);
			path = External_Requirments;
			sourceTree = "<group>";
		};
		4C3DCBD1134EA3EA00814307 = {
			isa = PBXGroup;
			children = (
				4C3DCBE6134EA3EA00814307 /* Objective_Ease */,
				4C3DCBDF134EA3EA00814307 /* Frameworks */,
				4C3DCBDD134EA3EA00814307 /* Products */,
			);
			sourceTree = "<group>";
		};
		4C3DCBDD134EA3EA00814307 /* Products */ = {
			isa = PBXGroup;
			children = (
				4C3DCBDC134EA3EA00814307 /* Objective_Ease.app */,
			);
			name = Products;
			sourceTree = "<group>";
		};
		4C3DCBDF134EA3EA00814307 /* Frameworks */ = {
			isa = PBXGroup;
			children = (
				4C3DCC0F134EA9AC00814307 /* QuartzCore.framework */,
				4C3DCC11134EA9B400814307 /* OpenGLES.framework */,
				4C3DCBE0134EA3EA00814307 /* UIKit.framework */,
				4C3DCBE2134EA3EA00814307 /* Foundation.framework */,
				4C3DCBE4134EA3EA00814307 /* CoreGraphics.framework */,
			);
			name = Frameworks;
			sourceTree = "<group>";
		};
		4C3DCBE6134EA3EA00814307 /* Objective_Ease */ = {
			isa = PBXGroup;
			children = (
				4C3DCBEF134EA3EA00814307 /* Objective_EaseAppDelegate.h */,
				4C3DCBF0134EA3EA00814307 /* Objective_EaseAppDelegate.m */,
				4C3DCBF2134EA3EA00814307 /* MainWindow.xib */,
				4C3DCBF5134EA3EA00814307 /* Objective_EaseViewController.h */,
				4C3DCBF6134EA3EA00814307 /* Objective_EaseViewController.m */,
				4C3DCC00134EA42E00814307 /* Classes */,
				4C3DCBF8134EA3EA00814307 /* Objective_EaseViewController.xib */,
				4C3DCBE7134EA3EA00814307 /* Supporting Files */,
			);
			path = Objective_Ease;
			sourceTree = "<group>";
		};
		4C3DCBE7134EA3EA00814307 /* Supporting Files */ = {
			isa = PBXGroup;
			children = (
				4C3DCBE8134EA3EA00814307 /* Objective_Ease-Info.plist */,
				4C3DCBE9134EA3EA00814307 /* InfoPlist.strings */,
				4C3DCBEC134EA3EA00814307 /* Objective_Ease-Prefix.pch */,
				4C3DCBED134EA3EA00814307 /* main.m */,
			);
			name = "Supporting Files";
			sourceTree = "<group>";
		};
		4C3DCC00134EA42E00814307 /* Classes */ = {
			isa = PBXGroup;
			children = (
				4C3A2AB4136B32EE0068A294 /* External_Requirments */,
				4C3A2AAD136B28E90068A294 /* UIElements */,
				4C3DCC01134EA42E00814307 /* Helpers */,
			);
			path = Classes;
			sourceTree = "<group>";
		};
		4C3DCC01134EA42E00814307 /* Helpers */ = {
			isa = PBXGroup;
			children = (
				4C3DCC02134EA44900814307 /* ImagerScalerHelper.h */,
				4C3DCC03134EA44900814307 /* ImagerScalerHelper.m */,
			);
			path = Helpers;
			sourceTree = "<group>";
		};
/* End PBXGroup section */

/* Begin PBXNativeTarget section */
		4C3DCBDB134EA3EA00814307 /* Objective_Ease */ = {
			isa = PBXNativeTarget;
			buildConfigurationList = 4C3DCBFD134EA3EA00814307 /* Build configuration list for PBXNativeTarget "Objective_Ease" */;
			buildPhases = (
				4C3DCBD8134EA3EA00814307 /* Sources */,
				4C3DCBD9134EA3EA00814307 /* Frameworks */,
				4C3DCBDA134EA3EA00814307 /* Resources */,
			);
			buildRules = (
			);
			dependencies = (
			);
			name = Objective_Ease;
			productName = Objective_Ease;
			productReference = 4C3DCBDC134EA3EA00814307 /* Objective_Ease.app */;
			productType = "com.apple.product-type.application";
		};
/* End PBXNativeTarget section */

/* Begin PBXProject section */
		4C3DCBD3134EA3EA00814307 /* Project object */ = {
			isa = PBXProject;
			buildConfigurationList = 4C3DCBD6134EA3EA00814307 /* Build configuration list for PBXProject "Objective_Ease" */;
			compatibilityVersion = "Xcode 3.2";
			developmentRegion = English;
			hasScannedForEncodings = 0;
			knownRegions = (
				en,
			);
			mainGroup = 4C3DCBD1134EA3EA00814307;
			productRefGroup = 4C3DCBDD134EA3EA00814307 /* Products */;
			projectDirPath = "";
			projectRoot = "";
			targets = (
				4C3DCBDB134EA3EA00814307 /* Objective_Ease */,
			);
		};
/* End PBXProject section */

/* Begin PBXResourcesBuildPhase section */
		4C3DCBDA134EA3EA00814307 /* Resources */ = {
			isa = PBXResourcesBuildPhase;
			buildActionMask = 2147483647;
			files = (
				4C3DCBEB134EA3EA00814307 /* InfoPlist.strings in Resources */,
				4C3DCBF4134EA3EA00814307 /* MainWindow.xib in Resources */,
				4C3DCBFA134EA3EA00814307 /* Objective_EaseViewController.xib in Resources */,
			);
			runOnlyForDeploymentPostprocessing = 0;
		};
/* End PBXResourcesBuildPhase section */

/* Begin PBXSourcesBuildPhase section */
		4C3DCBD8134EA3EA00814307 /* Sources */ = {
			isa = PBXSourcesBuildPhase;
			buildActionMask = 2147483647;
			files = (
				4C3DCBEE134EA3EA00814307 /* main.m in Sources */,
				4C3DCBF1134EA3EA00814307 /* Objective_EaseAppDelegate.m in Sources */,
				4C3DCBF7134EA3EA00814307 /* Objective_EaseViewController.m in Sources */,
				4C3DCC04134EA44900814307 /* ImagerScalerHelper.m in Sources */,
				4C3A2AB0136B29070068A294 /* EZButon.m in Sources */,
				4C3A2AB3136B328C0068A294 /* EZProgressView.m in Sources */,
				4C3A2AB6136B32EE0068A294 /* drawing.m in Sources */,
			);
			runOnlyForDeploymentPostprocessing = 0;
		};
/* End PBXSourcesBuildPhase section */

/* Begin PBXVariantGroup section */
		4C3DCBE9134EA3EA00814307 /* InfoPlist.strings */ = {
			isa = PBXVariantGroup;
			children = (
				4C3DCBEA134EA3EA00814307 /* en */,
			);
			name = InfoPlist.strings;
			sourceTree = "<group>";
		};
		4C3DCBF2134EA3EA00814307 /* MainWindow.xib */ = {
			isa = PBXVariantGroup;
			children = (
				4C3DCBF3134EA3EA00814307 /* en */,
			);
			name = MainWindow.xib;
			sourceTree = "<group>";
		};
		4C3DCBF8134EA3EA00814307 /* Objective_EaseViewController.xib */ = {
			isa = PBXVariantGroup;
			children = (
				4C3DCBF9134EA3EA00814307 /* en */,
			);
			name = Objective_EaseViewController.xib;
			sourceTree = "<group>";
		};
/* End PBXVariantGroup section */

/* Begin XCBuildConfiguration section */
		4C3DCBFB134EA3EA00814307 /* Debug */ = {
			isa = XCBuildConfiguration;
			buildSettings = {
				ARCHS = "$(ARCHS_STANDARD_32_BIT)";
				"CODE_SIGN_IDENTITY[sdk=iphoneos*]" = "iPhone Developer";
				GCC_C_LANGUAGE_STANDARD = gnu99;
				GCC_OPTIMIZATION_LEVEL = 0;
				GCC_PREPROCESSOR_DEFINITIONS = DEBUG;
				GCC_SYMBOLS_PRIVATE_EXTERN = NO;
				GCC_VERSION = com.apple.compilers.llvmgcc42;
				GCC_WARN_ABOUT_RETURN_TYPE = YES;
				GCC_WARN_UNUSED_VARIABLE = YES;
				IPHONEOS_DEPLOYMENT_TARGET = 4.3;
				SDKROOT = iphoneos;
			};
			name = Debug;
		};
		4C3DCBFC134EA3EA00814307 /* Release */ = {
			isa = XCBuildConfiguration;
			buildSettings = {
				ARCHS = "$(ARCHS_STANDARD_32_BIT)";
				"CODE_SIGN_IDENTITY[sdk=iphoneos*]" = "iPhone Developer";
				GCC_C_LANGUAGE_STANDARD = gnu99;
				GCC_VERSION = com.apple.compilers.llvmgcc42;
				GCC_WARN_ABOUT_RETURN_TYPE = YES;
				GCC_WARN_UNUSED_VARIABLE = YES;
				IPHONEOS_DEPLOYMENT_TARGET = 4.3;
				OTHER_CFLAGS = "-DNS_BLOCK_ASSERTIONS=1";
				SDKROOT = iphoneos;
			};
			name = Release;
		};
		4C3DCBFE134EA3EA00814307 /* Debug */ = {
			isa = XCBuildConfiguration;
			buildSettings = {
				ALWAYS_SEARCH_USER_PATHS = NO;
				COPY_PHASE_STRIP = NO;
				GCC_DYNAMIC_NO_PIC = NO;
				GCC_PRECOMPILE_PREFIX_HEADER = YES;
				GCC_PREFIX_HEADER = "Objective_Ease/Objective_Ease-Prefix.pch";
				INFOPLIST_FILE = "Objective_Ease/Objective_Ease-Info.plist";
				PRODUCT_NAME = "$(TARGET_NAME)";
				WRAPPER_EXTENSION = app;
			};
			name = Debug;
		};
		4C3DCBFF134EA3EA00814307 /* Release */ = {
			isa = XCBuildConfiguration;
			buildSettings = {
				ALWAYS_SEARCH_USER_PATHS = NO;
				COPY_PHASE_STRIP = YES;
				GCC_PRECOMPILE_PREFIX_HEADER = YES;
				GCC_PREFIX_HEADER = "Objective_Ease/Objective_Ease-Prefix.pch";
				INFOPLIST_FILE = "Objective_Ease/Objective_Ease-Info.plist";
				PRODUCT_NAME = "$(TARGET_NAME)";
				VALIDATE_PRODUCT = YES;
				WRAPPER_EXTENSION = app;
			};
			name = Release;
		};
/* End XCBuildConfiguration section */

/* Begin XCConfigurationList section */
		4C3DCBD6134EA3EA00814307 /* Build configuration list for PBXProject "Objective_Ease" */ = {
			isa = XCConfigurationList;
			buildConfigurations = (
				4C3DCBFB134EA3EA00814307 /* Debug */,
				4C3DCBFC134EA3EA00814307 /* Release */,
			);
			defaultConfigurationIsVisible = 0;
			defaultConfigurationName = Release;
		};
		4C3DCBFD134EA3EA00814307 /* Build configuration list for PBXNativeTarget "Objective_Ease" */ = {
			isa = XCConfigurationList;
			buildConfigurations = (
				4C3DCBFE134EA3EA00814307 /* Debug */,
				4C3DCBFF134EA3EA00814307 /* Release */,
			);
			defaultConfigurationIsVisible = 0;
			defaultConfigurationName = Release;
		};
/* End XCConfigurationList section */
	};
	rootObject = 4C3DCBD3134EA3EA00814307 /* Project object */;
}
